
Microsoft Visual Studio Solution File, Format Version 12.00
# Visual Studio 2013
VisualStudioVersion = 12.0.31101.0
MinimumVisualStudioVersion = 10.0.40219.1
Project("{FAE04EC0-301F-11D3-BF4B-00C04F79EFBC}") = "comp2007-lesson3-wed", "comp2007-lesson3-wed\comp2007-lesson3-wed.csproj", "{EE3F23F6-F475-4995-9BCE-C9A2EADCE96B}"
EndProject
Project("{2150E333-8FDC-42A3-9474-1A3956D46DE8}") = "PublishScripts", "PublishScripts", "{F9A77CA3-A7EA-4F91-B89B-773C835B38D3}"
	ProjectSection(SolutionItems) = preProject
		PublishScripts\AzureWebsitePublishModule.psm1 = PublishScripts\AzureWebsitePublishModule.psm1
		PublishScripts\Publish-WebApplicationWebsite.ps1 = PublishScripts\Publish-WebApplicationWebsite.ps1
	EndProjectSection
EndProject
Project("{2150E333-8FDC-42A3-9474-1A3956D46DE8}") = "Configurations", "Configurations", "{D2AAE26F-758F-4AEF-8B92-22BBD5452EF8}"
	ProjectSection(SolutionItems) = preProject
		PublishScripts\Configurations\comp2007-lesson3-wed-WAWS-dev.json = PublishScripts\Configurations\comp2007-lesson3-wed-WAWS-dev.json
	EndProjectSection
EndProject
Global
	GlobalSection(SolutionConfigurationPlatforms) = preSolution
		Debug|Any CPU = Debug|Any CPU
		Release|Any CPU = Release|Any CPU
	EndGlobalSection
	GlobalSection(ProjectConfigurationPlatforms) = postSolution
		{EE3F23F6-F475-4995-9BCE-C9A2EADCE96B}.Debug|Any CPU.ActiveCfg = Debug|Any CPU
		{EE3F23F6-F475-4995-9BCE-C9A2EADCE96B}.Debug|Any CPU.Build.0 = Debug|Any CPU
		{EE3F23F6-F475-4995-9BCE-C9A2EADCE96B}.Release|Any CPU.ActiveCfg = Release|Any CPU
		{EE3F23F6-F475-4995-9BCE-C9A2EADCE96B}.Release|Any CPU.Build.0 = Release|Any CPU
	EndGlobalSection
	GlobalSection(SolutionProperties) = preSolution
		HideSolutionNode = FALSE
	EndGlobalSection
	GlobalSection(NestedProjects) = preSolution
		{D2AAE26F-758F-4AEF-8B92-22BBD5452EF8} = {F9A77CA3-A7EA-4F91-B89B-773C835B38D3}
	EndGlobalSection
EndGlobal
